// !$*UTF8*$!
{
	archiveVersion = 1;
	classes = {
	};
	objectVersion = 48;
	objects = {

/* Begin PBXBuildFile section */
		1E1AD6A3200E4E8100CCE679 /* MoviesResult.swift in Sources */ = {isa = PBXBuildFile; fileRef = 1E1AD6A2200E4E8100CCE679 /* MoviesResult.swift */; };
		1E1AD6A7200E7B9100CCE679 /* GenreRequest.swift in Sources */ = {isa = PBXBuildFile; fileRef = 1E1AD6A6200E7B9100CCE679 /* GenreRequest.swift */; };
		1E1AD6A9200E7C7500CCE679 /* Genre.swift in Sources */ = {isa = PBXBuildFile; fileRef = 1E1AD6A8200E7C7500CCE679 /* Genre.swift */; };
		1E1AD6AB200E7CC500CCE679 /* GenreResult.swift in Sources */ = {isa = PBXBuildFile; fileRef = 1E1AD6AA200E7CC500CCE679 /* GenreResult.swift */; };
		1E1AD6AF200E8C4600CCE679 /* UIViewController+Extension.swift in Sources */ = {isa = PBXBuildFile; fileRef = 1E1AD6AE200E8C4600CCE679 /* UIViewController+Extension.swift */; };
		1E1AD6C0200EA03C00CCE679 /* UICollectionViewCell+Extension.swift in Sources */ = {isa = PBXBuildFile; fileRef = 1E1AD6BF200EA03C00CCE679 /* UICollectionViewCell+Extension.swift */; };
		1E89A6C8200E37D30090C03E /* Pods_TheMovie.framework in Frameworks */ = {isa = PBXBuildFile; fileRef = 1E89A6C9200E37D30090C03E /* Pods_TheMovie.framework */; };
		1E89A6CA200E37DA0090C03E /* Alamofire.framework in Frameworks */ = {isa = PBXBuildFile; fileRef = 1E89A6CB200E37DA0090C03E /* Alamofire.framework */; };
		1EA4FCF6200E347800384390 /* LaunchScreen.storyboard in Resources */ = {isa = PBXBuildFile; fileRef = 1EA4FCF3200E347800384390 /* LaunchScreen.storyboard */; };
		1EA4FCF7200E347800384390 /* Main.storyboard in Resources */ = {isa = PBXBuildFile; fileRef = 1EA4FCF4200E347800384390 /* Main.storyboard */; };
		1EA4FCFA200E348100384390 /* Assets.xcassets in Resources */ = {isa = PBXBuildFile; fileRef = 1EA4FCF9200E348100384390 /* Assets.xcassets */; };
		1EA4FCFD200E348D00384390 /* AppDelegate.swift in Sources */ = {isa = PBXBuildFile; fileRef = 1EA4FCFC200E348D00384390 /* AppDelegate.swift */; };
		1EA4FCFF200E34AF00384390 /* Default-568h@2x.png in Resources */ = {isa = PBXBuildFile; fileRef = 1EA4FCFE200E34AF00384390 /* Default-568h@2x.png */; };
		1EA4FD03200E354D00384390 /* BaseAPI.swift in Sources */ = {isa = PBXBuildFile; fileRef = 1EA4FD02200E354D00384390 /* BaseAPI.swift */; };
		1EA4FD06200E35C600384390 /* Error+Extension.swift in Sources */ = {isa = PBXBuildFile; fileRef = 1EA4FD05200E35C600384390 /* Error+Extension.swift */; };
		1EA4FD08200E35E800384390 /* UITableViewCell+Extension.swift in Sources */ = {isa = PBXBuildFile; fileRef = 1EA4FD07200E35E700384390 /* UITableViewCell+Extension.swift */; };
		1EA4FD0A200E368800384390 /* MoviesRequest.swift in Sources */ = {isa = PBXBuildFile; fileRef = 1EA4FD09200E368800384390 /* MoviesRequest.swift */; };
		1EA4FD0C200E36E400384390 /* Movie.swift in Sources */ = {isa = PBXBuildFile; fileRef = 1EA4FD0B200E36E400384390 /* Movie.swift */; };
		1EAB820D200E314100732318 /* TheMovieTests.swift in Sources */ = {isa = PBXBuildFile; fileRef = 1EAB820C200E314100732318 /* TheMovieTests.swift */; };
		976A649D89C6CD93E56BFE11 /* Pods_TheMovieTests.framework in Frameworks */ = {isa = PBXBuildFile; fileRef = AC52BB9DDCD4C8B26E54DF14 /* Pods_TheMovieTests.framework */; };
		A0FF089E20102AA8007C6C7D /* ListMoviesViewController.swift in Sources */ = {isa = PBXBuildFile; fileRef = A0FF089120102AA8007C6C7D /* ListMoviesViewController.swift */; };
		A0FF089F20102AA8007C6C7D /* ListMoviesViewModel.swift in Sources */ = {isa = PBXBuildFile; fileRef = A0FF089220102AA8007C6C7D /* ListMoviesViewModel.swift */; };
		A0FF08A020102AA8007C6C7D /* GenreTableViewCell.swift in Sources */ = {isa = PBXBuildFile; fileRef = A0FF089620102AA8007C6C7D /* GenreTableViewCell.swift */; };
		A0FF08A120102AA8007C6C7D /* GenreTableViewModelCell.swift in Sources */ = {isa = PBXBuildFile; fileRef = A0FF089720102AA8007C6C7D /* GenreTableViewModelCell.swift */; };
		A0FF08A220102AA8007C6C7D /* MoviesViewController.swift in Sources */ = {isa = PBXBuildFile; fileRef = A0FF089820102AA8007C6C7D /* MoviesViewController.swift */; };
		A0FF08A320102AA8007C6C7D /* MoviesViewModel.swift in Sources */ = {isa = PBXBuildFile; fileRef = A0FF089920102AA8007C6C7D /* MoviesViewModel.swift */; };
		A0FF08A420102AA8007C6C7D /* MovieCollectionViewCell.swift in Sources */ = {isa = PBXBuildFile; fileRef = A0FF089C20102AA8007C6C7D /* MovieCollectionViewCell.swift */; };
		A0FF08A620102B28007C6C7D /* SharedViewModel.swift in Sources */ = {isa = PBXBuildFile; fileRef = A0FF08A520102B28007C6C7D /* SharedViewModel.swift */; };
/* End PBXBuildFile section */

/* Begin PBXContainerItemProxy section */
		1EAB8209200E314100732318 /* PBXContainerItemProxy */ = {
			isa = PBXContainerItemProxy;
			containerPortal = 1EAB81EC200E314100732318 /* Project object */;
			proxyType = 1;
			remoteGlobalIDString = 1EAB81F3200E314100732318;
			remoteInfo = TheMovie;
		};
/* End PBXContainerItemProxy section */

/* Begin PBXFileReference section */
		1E1AD6A0200E38F700CCE679 /* Info.plist */ = {isa = PBXFileReference; fileEncoding = 4; lastKnownFileType = text.plist.xml; path = Info.plist; sourceTree = "<group>"; };
		1E1AD6A2200E4E8100CCE679 /* MoviesResult.swift */ = {isa = PBXFileReference; lastKnownFileType = sourcecode.swift; path = MoviesResult.swift; sourceTree = "<group>"; };
		1E1AD6A6200E7B9100CCE679 /* GenreRequest.swift */ = {isa = PBXFileReference; lastKnownFileType = sourcecode.swift; path = GenreRequest.swift; sourceTree = "<group>"; };
		1E1AD6A8200E7C7500CCE679 /* Genre.swift */ = {isa = PBXFileReference; lastKnownFileType = sourcecode.swift; path = Genre.swift; sourceTree = "<group>"; };
		1E1AD6AA200E7CC500CCE679 /* GenreResult.swift */ = {isa = PBXFileReference; lastKnownFileType = sourcecode.swift; path = GenreResult.swift; sourceTree = "<group>"; };
		1E1AD6AE200E8C4600CCE679 /* UIViewController+Extension.swift */ = {isa = PBXFileReference; lastKnownFileType = sourcecode.swift; path = "UIViewController+Extension.swift"; sourceTree = "<group>"; };
		1E1AD6BF200EA03C00CCE679 /* UICollectionViewCell+Extension.swift */ = {isa = PBXFileReference; lastKnownFileType = sourcecode.swift; path = "UICollectionViewCell+Extension.swift"; sourceTree = "<group>"; };
		1E89A6C9200E37D30090C03E /* Pods_TheMovie.framework */ = {isa = PBXFileReference; explicitFileType = wrapper.framework; path = Pods_TheMovie.framework; sourceTree = BUILT_PRODUCTS_DIR; };
		1E89A6CB200E37DA0090C03E /* Alamofire.framework */ = {isa = PBXFileReference; explicitFileType = wrapper.framework; path = Alamofire.framework; sourceTree = BUILT_PRODUCTS_DIR; };
		1EA4FCF3200E347800384390 /* LaunchScreen.storyboard */ = {isa = PBXFileReference; fileEncoding = 4; lastKnownFileType = file.storyboard; path = LaunchScreen.storyboard; sourceTree = "<group>"; };
		1EA4FCF4200E347800384390 /* Main.storyboard */ = {isa = PBXFileReference; fileEncoding = 4; lastKnownFileType = file.storyboard; path = Main.storyboard; sourceTree = "<group>"; };
		1EA4FCF9200E348100384390 /* Assets.xcassets */ = {isa = PBXFileReference; lastKnownFileType = folder.assetcatalog; path = Assets.xcassets; sourceTree = "<group>"; };
		1EA4FCFC200E348D00384390 /* AppDelegate.swift */ = {isa = PBXFileReference; fileEncoding = 4; lastKnownFileType = sourcecode.swift; path = AppDelegate.swift; sourceTree = "<group>"; };
		1EA4FCFE200E34AF00384390 /* Default-568h@2x.png */ = {isa = PBXFileReference; lastKnownFileType = image.png; path = "Default-568h@2x.png"; sourceTree = "<group>"; };
		1EA4FD02200E354D00384390 /* BaseAPI.swift */ = {isa = PBXFileReference; lastKnownFileType = sourcecode.swift; path = BaseAPI.swift; sourceTree = "<group>"; };
		1EA4FD05200E35C600384390 /* Error+Extension.swift */ = {isa = PBXFileReference; lastKnownFileType = sourcecode.swift; path = "Error+Extension.swift"; sourceTree = "<group>"; };
		1EA4FD07200E35E700384390 /* UITableViewCell+Extension.swift */ = {isa = PBXFileReference; lastKnownFileType = sourcecode.swift; path = "UITableViewCell+Extension.swift"; sourceTree = "<group>"; };
		1EA4FD09200E368800384390 /* MoviesRequest.swift */ = {isa = PBXFileReference; lastKnownFileType = sourcecode.swift; path = MoviesRequest.swift; sourceTree = "<group>"; };
		1EA4FD0B200E36E400384390 /* Movie.swift */ = {isa = PBXFileReference; lastKnownFileType = sourcecode.swift; path = Movie.swift; sourceTree = "<group>"; };
		1EAB81F4200E314100732318 /* TheMovie.app */ = {isa = PBXFileReference; explicitFileType = wrapper.application; includeInIndex = 0; path = TheMovie.app; sourceTree = BUILT_PRODUCTS_DIR; };
		1EAB8208200E314100732318 /* TheMovieTests.xctest */ = {isa = PBXFileReference; explicitFileType = wrapper.cfbundle; includeInIndex = 0; path = TheMovieTests.xctest; sourceTree = BUILT_PRODUCTS_DIR; };
		1EAB820C200E314100732318 /* TheMovieTests.swift */ = {isa = PBXFileReference; lastKnownFileType = sourcecode.swift; path = TheMovieTests.swift; sourceTree = "<group>"; };
		1EAB820E200E314100732318 /* Info.plist */ = {isa = PBXFileReference; lastKnownFileType = text.plist.xml; path = Info.plist; sourceTree = "<group>"; };
		6AA237D7BEF1249C4E06DD36 /* Pods-TheMovie.release.xcconfig */ = {isa = PBXFileReference; includeInIndex = 1; lastKnownFileType = text.xcconfig; name = "Pods-TheMovie.release.xcconfig"; path = "Pods/Target Support Files/Pods-TheMovie/Pods-TheMovie.release.xcconfig"; sourceTree = "<group>"; };
		719F2002B99197AE73B9153D /* Pods_TheMovie.framework */ = {isa = PBXFileReference; explicitFileType = wrapper.framework; includeInIndex = 0; path = Pods_TheMovie.framework; sourceTree = BUILT_PRODUCTS_DIR; };
		7468BB8E0C064A8627C1A0BB /* Pods-TheMovie.debug.xcconfig */ = {isa = PBXFileReference; includeInIndex = 1; lastKnownFileType = text.xcconfig; name = "Pods-TheMovie.debug.xcconfig"; path = "Pods/Target Support Files/Pods-TheMovie/Pods-TheMovie.debug.xcconfig"; sourceTree = "<group>"; };
		A0FF089120102AA8007C6C7D /* ListMoviesViewController.swift */ = {isa = PBXFileReference; fileEncoding = 4; lastKnownFileType = sourcecode.swift; path = ListMoviesViewController.swift; sourceTree = "<group>"; };
		A0FF089220102AA8007C6C7D /* ListMoviesViewModel.swift */ = {isa = PBXFileReference; fileEncoding = 4; lastKnownFileType = sourcecode.swift; path = ListMoviesViewModel.swift; sourceTree = "<group>"; };
		A0FF089620102AA8007C6C7D /* GenreTableViewCell.swift */ = {isa = PBXFileReference; fileEncoding = 4; lastKnownFileType = sourcecode.swift; path = GenreTableViewCell.swift; sourceTree = "<group>"; };
		A0FF089720102AA8007C6C7D /* GenreTableViewModelCell.swift */ = {isa = PBXFileReference; fileEncoding = 4; lastKnownFileType = sourcecode.swift; path = GenreTableViewModelCell.swift; sourceTree = "<group>"; };
		A0FF089820102AA8007C6C7D /* MoviesViewController.swift */ = {isa = PBXFileReference; fileEncoding = 4; lastKnownFileType = sourcecode.swift; path = MoviesViewController.swift; sourceTree = "<group>"; };
		A0FF089920102AA8007C6C7D /* MoviesViewModel.swift */ = {isa = PBXFileReference; fileEncoding = 4; lastKnownFileType = sourcecode.swift; path = MoviesViewModel.swift; sourceTree = "<group>"; };
		A0FF089C20102AA8007C6C7D /* MovieCollectionViewCell.swift */ = {isa = PBXFileReference; fileEncoding = 4; lastKnownFileType = sourcecode.swift; path = MovieCollectionViewCell.swift; sourceTree = "<group>"; };
		A0FF08A520102B28007C6C7D /* SharedViewModel.swift */ = {isa = PBXFileReference; lastKnownFileType = sourcecode.swift; path = SharedViewModel.swift; sourceTree = "<group>"; };
		AC52BB9DDCD4C8B26E54DF14 /* Pods_TheMovieTests.framework */ = {isa = PBXFileReference; explicitFileType = wrapper.framework; includeInIndex = 0; path = Pods_TheMovieTests.framework; sourceTree = BUILT_PRODUCTS_DIR; };
		CCBD6260E2C70DDDB83B2DF8 /* Pods-TheMovieTests.release.xcconfig */ = {isa = PBXFileReference; includeInIndex = 1; lastKnownFileType = text.xcconfig; name = "Pods-TheMovieTests.release.xcconfig"; path = "Pods/Target Support Files/Pods-TheMovieTests/Pods-TheMovieTests.release.xcconfig"; sourceTree = "<group>"; };
		FE2DA1A0423B63CF4E789686 /* Pods-TheMovieTests.debug.xcconfig */ = {isa = PBXFileReference; includeInIndex = 1; lastKnownFileType = text.xcconfig; name = "Pods-TheMovieTests.debug.xcconfig"; path = "Pods/Target Support Files/Pods-TheMovieTests/Pods-TheMovieTests.debug.xcconfig"; sourceTree = "<group>"; };
/* End PBXFileReference section */

/* Begin PBXFrameworksBuildPhase section */
		1EAB81F1200E314100732318 /* Frameworks */ = {
			isa = PBXFrameworksBuildPhase;
			buildActionMask = 2147483647;
			files = (
				1E89A6CA200E37DA0090C03E /* Alamofire.framework in Frameworks */,
				1E89A6C8200E37D30090C03E /* Pods_TheMovie.framework in Frameworks */,
			);
			runOnlyForDeploymentPostprocessing = 0;
		};
		1EAB8205200E314100732318 /* Frameworks */ = {
			isa = PBXFrameworksBuildPhase;
			buildActionMask = 2147483647;
			files = (
				976A649D89C6CD93E56BFE11 /* Pods_TheMovieTests.framework in Frameworks */,
			);
			runOnlyForDeploymentPostprocessing = 0;
		};
/* End PBXFrameworksBuildPhase section */

/* Begin PBXGroup section */
		1EA4FCF1200E347800384390 /* Network */ = {
			isa = PBXGroup;
			children = (
				1EA4FD01200E353E00384390 /* Base */,
				1EA4FD00200E353E00384390 /* Requests */,
			);
			name = Network;
			path = Base.lproj/Network;
			sourceTree = "<group>";
		};
		1EA4FCF2200E347800384390 /* Stotyboard */ = {
			isa = PBXGroup;
			children = (
				1EA4FCF3200E347800384390 /* LaunchScreen.storyboard */,
				1EA4FCF4200E347800384390 /* Main.storyboard */,
			);
			name = Stotyboard;
			path = Base.lproj/Stotyboard;
			sourceTree = "<group>";
		};
		1EA4FCF5200E347800384390 /* Model */ = {
			isa = PBXGroup;
			children = (
				1E1AD6AA200E7CC500CCE679 /* GenreResult.swift */,
				1E1AD6A8200E7C7500CCE679 /* Genre.swift */,
				1E1AD6A2200E4E8100CCE679 /* MoviesResult.swift */,
				1EA4FD0B200E36E400384390 /* Movie.swift */,
			);
			name = Model;
			path = Base.lproj/Model;
			sourceTree = "<group>";
		};
		1EA4FCF8200E348100384390 /* OtherFiles */ = {
			isa = PBXGroup;
			children = (
				1EA4FCFE200E34AF00384390 /* Default-568h@2x.png */,
				1EA4FD04200E35B700384390 /* Extensions */,
				1EA4FCF9200E348100384390 /* Assets.xcassets */,
			);
			path = OtherFiles;
			sourceTree = "<group>";
		};
		1EA4FCFB200E348D00384390 /* AppDelegate */ = {
			isa = PBXGroup;
			children = (
				1EA4FCFC200E348D00384390 /* AppDelegate.swift */,
			);
			path = AppDelegate;
			sourceTree = "<group>";
		};
		1EA4FD00200E353E00384390 /* Requests */ = {
			isa = PBXGroup;
			children = (
				1EA4FD09200E368800384390 /* MoviesRequest.swift */,
				1E1AD6A6200E7B9100CCE679 /* GenreRequest.swift */,
			);
			path = Requests;
			sourceTree = "<group>";
		};
		1EA4FD01200E353E00384390 /* Base */ = {
			isa = PBXGroup;
			children = (
				1EA4FD02200E354D00384390 /* BaseAPI.swift */,
			);
			path = Base;
			sourceTree = "<group>";
		};
		1EA4FD04200E35B700384390 /* Extensions */ = {
			isa = PBXGroup;
			children = (
				1EA4FD05200E35C600384390 /* Error+Extension.swift */,
				1EA4FD07200E35E700384390 /* UITableViewCell+Extension.swift */,
				1E1AD6BF200EA03C00CCE679 /* UICollectionViewCell+Extension.swift */,
				1E1AD6AE200E8C4600CCE679 /* UIViewController+Extension.swift */,
			);
			path = Extensions;
			sourceTree = "<group>";
		};
		1EAB81EB200E314100732318 = {
			isa = PBXGroup;
			children = (
				1EAB81F6200E314100732318 /* TheMovie */,
				1EAB820B200E314100732318 /* TheMovieTests */,
				1EAB81F5200E314100732318 /* Products */,
				4B53A1E853A1DED59A1E237E /* Pods */,
				97EF1C2A9E7BE24B27EDE149 /* Frameworks */,
			);
			sourceTree = "<group>";
		};
		1EAB81F5200E314100732318 /* Products */ = {
			isa = PBXGroup;
			children = (
				1EAB81F4200E314100732318 /* TheMovie.app */,
				1EAB8208200E314100732318 /* TheMovieTests.xctest */,
			);
			name = Products;
			sourceTree = "<group>";
		};
		1EAB81F6200E314100732318 /* TheMovie */ = {
			isa = PBXGroup;
			children = (
				A0FF088E20102AA8007C6C7D /* Base */,
				1EA4FCFB200E348D00384390 /* AppDelegate */,
				1EA4FCF5200E347800384390 /* Model */,
				1EA4FCF1200E347800384390 /* Network */,
				1EA4FCF2200E347800384390 /* Stotyboard */,
				1EA4FCF8200E348100384390 /* OtherFiles */,
				1E1AD6A0200E38F700CCE679 /* Info.plist */,
			);
			path = TheMovie;
			sourceTree = "<group>";
		};
		1EAB820B200E314100732318 /* TheMovieTests */ = {
			isa = PBXGroup;
			children = (
				1EAB820C200E314100732318 /* TheMovieTests.swift */,
				1EAB820E200E314100732318 /* Info.plist */,
			);
			path = TheMovieTests;
			sourceTree = "<group>";
		};
		4B53A1E853A1DED59A1E237E /* Pods */ = {
			isa = PBXGroup;
			children = (
				7468BB8E0C064A8627C1A0BB /* Pods-TheMovie.debug.xcconfig */,
				6AA237D7BEF1249C4E06DD36 /* Pods-TheMovie.release.xcconfig */,
				FE2DA1A0423B63CF4E789686 /* Pods-TheMovieTests.debug.xcconfig */,
				CCBD6260E2C70DDDB83B2DF8 /* Pods-TheMovieTests.release.xcconfig */,
			);
			name = Pods;
			sourceTree = "<group>";
		};
		97EF1C2A9E7BE24B27EDE149 /* Frameworks */ = {
			isa = PBXGroup;
			children = (
				1E89A6CB200E37DA0090C03E /* Alamofire.framework */,
				1E89A6C9200E37D30090C03E /* Pods_TheMovie.framework */,
				719F2002B99197AE73B9153D /* Pods_TheMovie.framework */,
				AC52BB9DDCD4C8B26E54DF14 /* Pods_TheMovieTests.framework */,
			);
			name = Frameworks;
			sourceTree = "<group>";
		};
		A0FF088E20102AA8007C6C7D /* Base */ = {
			isa = PBXGroup;
			children = (
				A0FF088F20102AA8007C6C7D /* Movies */,
			);
			name = Base;
			path = Base.lproj/Base;
			sourceTree = "<group>";
		};
		A0FF088F20102AA8007C6C7D /* Movies */ = {
			isa = PBXGroup;
			children = (
				A0FF089320102AA8007C6C7D /* MoviesViewController */,
				A0FF089020102AA8007C6C7D /* ListMoviesViewController */,
				A0FF089A20102AA8007C6C7D /* Shared */,
			);
			path = Movies;
			sourceTree = "<group>";
		};
		A0FF089020102AA8007C6C7D /* ListMoviesViewController */ = {
			isa = PBXGroup;
			children = (
				A0FF089220102AA8007C6C7D /* ListMoviesViewModel.swift */,
				A0FF089120102AA8007C6C7D /* ListMoviesViewController.swift */,
			);
			path = ListMoviesViewController;
			sourceTree = "<group>";
		};
		A0FF089320102AA8007C6C7D /* MoviesViewController */ = {
			isa = PBXGroup;
			children = (
				A0FF089420102AA8007C6C7D /* Components */,
				A0FF089820102AA8007C6C7D /* MoviesViewController.swift */,
				A0FF089920102AA8007C6C7D /* MoviesViewModel.swift */,
			);
			path = MoviesViewController;
			sourceTree = "<group>";
		};
		A0FF089420102AA8007C6C7D /* Components */ = {
			isa = PBXGroup;
			children = (
				A0FF089520102AA8007C6C7D /* GenreTableViewCell */,
			);
			path = Components;
			sourceTree = "<group>";
		};
		A0FF089520102AA8007C6C7D /* GenreTableViewCell */ = {
			isa = PBXGroup;
			children = (
				A0FF089720102AA8007C6C7D /* GenreTableViewModelCell.swift */,
				A0FF089620102AA8007C6C7D /* GenreTableViewCell.swift */,
			);
			path = GenreTableViewCell;
			sourceTree = "<group>";
		};
		A0FF089A20102AA8007C6C7D /* Shared */ = {
			isa = PBXGroup;
			children = (
				A0FF089B20102AA8007C6C7D /* View */,
				A0FF089D20102AA8007C6C7D /* ViewModel */,
			);
			path = Shared;
			sourceTree = "<group>";
		};
		A0FF089B20102AA8007C6C7D /* View */ = {
			isa = PBXGroup;
			children = (
				A0FF089C20102AA8007C6C7D /* MovieCollectionViewCell.swift */,
			);
			path = View;
			sourceTree = "<group>";
		};
		A0FF089D20102AA8007C6C7D /* ViewModel */ = {
			isa = PBXGroup;
			children = (
				A0FF08A520102B28007C6C7D /* SharedViewModel.swift */,
			);
			path = ViewModel;
			sourceTree = "<group>";
		};
/* End PBXGroup section */

/* Begin PBXNativeTarget section */
		1EAB81F3200E314100732318 /* TheMovie */ = {
			isa = PBXNativeTarget;
			buildConfigurationList = 1EAB8211200E314100732318 /* Build configuration list for PBXNativeTarget "TheMovie" */;
			buildPhases = (
				B27A4C668B9A5FEE3D7FBB26 /* [CP] Check Pods Manifest.lock */,
				1EAB81F0200E314100732318 /* Sources */,
				1EAB81F1200E314100732318 /* Frameworks */,
				1EAB81F2200E314100732318 /* Resources */,
				9464EA8A1CB41AB2614A5D1D /* [CP] Embed Pods Frameworks */,
				A0146D1BFD369D27713359A9 /* [CP] Copy Pods Resources */,
			);
			buildRules = (
			);
			dependencies = (
			);
			name = TheMovie;
			productName = TheMovie;
			productReference = 1EAB81F4200E314100732318 /* TheMovie.app */;
			productType = "com.apple.product-type.application";
		};
		1EAB8207200E314100732318 /* TheMovieTests */ = {
			isa = PBXNativeTarget;
			buildConfigurationList = 1EAB8214200E314100732318 /* Build configuration list for PBXNativeTarget "TheMovieTests" */;
			buildPhases = (
				BD1AA975B5DBC1CCA4BE4338 /* [CP] Check Pods Manifest.lock */,
				1EAB8204200E314100732318 /* Sources */,
				1EAB8205200E314100732318 /* Frameworks */,
				1EAB8206200E314100732318 /* Resources */,
				CCB85A232ABD0810B97FED02 /* [CP] Embed Pods Frameworks */,
				68D32480CB68E08ECEC27715 /* [CP] Copy Pods Resources */,
			);
			buildRules = (
			);
			dependencies = (
				1EAB820A200E314100732318 /* PBXTargetDependency */,
			);
			name = TheMovieTests;
			productName = TheMovieTests;
			productReference = 1EAB8208200E314100732318 /* TheMovieTests.xctest */;
			productType = "com.apple.product-type.bundle.unit-test";
		};
/* End PBXNativeTarget section */

/* Begin PBXProject section */
		1EAB81EC200E314100732318 /* Project object */ = {
			isa = PBXProject;
			attributes = {
				LastSwiftUpdateCheck = 0920;
				LastUpgradeCheck = 0920;
				ORGANIZATIONNAME = "Vinicius Minozzi";
				TargetAttributes = {
					1EAB81F3200E314100732318 = {
						CreatedOnToolsVersion = 9.2;
						ProvisioningStyle = Automatic;
					};
					1EAB8207200E314100732318 = {
						CreatedOnToolsVersion = 9.2;
						ProvisioningStyle = Automatic;
						TestTargetID = 1EAB81F3200E314100732318;
					};
				};
			};
			buildConfigurationList = 1EAB81EF200E314100732318 /* Build configuration list for PBXProject "TheMovie" */;
			compatibilityVersion = "Xcode 8.0";
			developmentRegion = en;
			hasScannedForEncodings = 0;
			knownRegions = (
				en,
				Base,
			);
			mainGroup = 1EAB81EB200E314100732318;
			productRefGroup = 1EAB81F5200E314100732318 /* Products */;
			projectDirPath = "";
			projectRoot = "";
			targets = (
				1EAB81F3200E314100732318 /* TheMovie */,
				1EAB8207200E314100732318 /* TheMovieTests */,
			);
		};
/* End PBXProject section */

/* Begin PBXResourcesBuildPhase section */
		1EAB81F2200E314100732318 /* Resources */ = {
			isa = PBXResourcesBuildPhase;
			buildActionMask = 2147483647;
			files = (
				1EA4FCF6200E347800384390 /* LaunchScreen.storyboard in Resources */,
				1EA4FCFF200E34AF00384390 /* Default-568h@2x.png in Resources */,
				1EA4FCFA200E348100384390 /* Assets.xcassets in Resources */,
				1EA4FCF7200E347800384390 /* Main.storyboard in Resources */,
			);
			runOnlyForDeploymentPostprocessing = 0;
		};
		1EAB8206200E314100732318 /* Resources */ = {
			isa = PBXResourcesBuildPhase;
			buildActionMask = 2147483647;
			files = (
			);
			runOnlyForDeploymentPostprocessing = 0;
		};
/* End PBXResourcesBuildPhase section */

/* Begin PBXShellScriptBuildPhase section */
		68D32480CB68E08ECEC27715 /* [CP] Copy Pods Resources */ = {
			isa = PBXShellScriptBuildPhase;
			buildActionMask = 2147483647;
			files = (
			);
			inputPaths = (
			);
			name = "[CP] Copy Pods Resources";
			outputPaths = (
			);
			runOnlyForDeploymentPostprocessing = 0;
			shellPath = /bin/sh;
			shellScript = "\"${SRCROOT}/Pods/Target Support Files/Pods-TheMovieTests/Pods-TheMovieTests-resources.sh\"\n";
			showEnvVarsInLog = 0;
		};
		9464EA8A1CB41AB2614A5D1D /* [CP] Embed Pods Frameworks */ = {
			isa = PBXShellScriptBuildPhase;
			buildActionMask = 2147483647;
			files = (
			);
			inputPaths = (
			);
			name = "[CP] Embed Pods Frameworks";
			outputPaths = (
			);
			runOnlyForDeploymentPostprocessing = 0;
			shellPath = /bin/sh;
			shellScript = "\"${SRCROOT}/Pods/Target Support Files/Pods-TheMovie/Pods-TheMovie-frameworks.sh\"\n";
			showEnvVarsInLog = 0;
		};
		A0146D1BFD369D27713359A9 /* [CP] Copy Pods Resources */ = {
			isa = PBXShellScriptBuildPhase;
			buildActionMask = 2147483647;
			files = (
			);
			inputPaths = (
			);
			name = "[CP] Copy Pods Resources";
			outputPaths = (
			);
			runOnlyForDeploymentPostprocessing = 0;
			shellPath = /bin/sh;
			shellScript = "\"${SRCROOT}/Pods/Target Support Files/Pods-TheMovie/Pods-TheMovie-resources.sh\"\n";
			showEnvVarsInLog = 0;
		};
		B27A4C668B9A5FEE3D7FBB26 /* [CP] Check Pods Manifest.lock */ = {
			isa = PBXShellScriptBuildPhase;
			buildActionMask = 2147483647;
			files = (
			);
			inputPaths = (
			);
			name = "[CP] Check Pods Manifest.lock";
			outputPaths = (
			);
			runOnlyForDeploymentPostprocessing = 0;
			shellPath = /bin/sh;
			shellScript = "diff \"${PODS_PODFILE_DIR_PATH}/Podfile.lock\" \"${PODS_ROOT}/Manifest.lock\" > /dev/null\nif [ $? != 0 ] ; then\n    # print error to STDERR\n    echo \"error: The sandbox is not in sync with the Podfile.lock. Run 'pod install' or update your CocoaPods installation.\" >&2\n    exit 1\nfi\n";
			showEnvVarsInLog = 0;
		};
		BD1AA975B5DBC1CCA4BE4338 /* [CP] Check Pods Manifest.lock */ = {
			isa = PBXShellScriptBuildPhase;
			buildActionMask = 2147483647;
			files = (
			);
			inputPaths = (
			);
			name = "[CP] Check Pods Manifest.lock";
			outputPaths = (
			);
			runOnlyForDeploymentPostprocessing = 0;
			shellPath = /bin/sh;
			shellScript = "diff \"${PODS_PODFILE_DIR_PATH}/Podfile.lock\" \"${PODS_ROOT}/Manifest.lock\" > /dev/null\nif [ $? != 0 ] ; then\n    # print error to STDERR\n    echo \"error: The sandbox is not in sync with the Podfile.lock. Run 'pod install' or update your CocoaPods installation.\" >&2\n    exit 1\nfi\n";
			showEnvVarsInLog = 0;
		};
		CCB85A232ABD0810B97FED02 /* [CP] Embed Pods Frameworks */ = {
			isa = PBXShellScriptBuildPhase;
			buildActionMask = 2147483647;
			files = (
			);
			inputPaths = (
			);
			name = "[CP] Embed Pods Frameworks";
			outputPaths = (
			);
			runOnlyForDeploymentPostprocessing = 0;
			shellPath = /bin/sh;
			shellScript = "\"${SRCROOT}/Pods/Target Support Files/Pods-TheMovieTests/Pods-TheMovieTests-frameworks.sh\"\n";
			showEnvVarsInLog = 0;
		};
/* End PBXShellScriptBuildPhase section */

/* Begin PBXSourcesBuildPhase section */
		1EAB81F0200E314100732318 /* Sources */ = {
			isa = PBXSourcesBuildPhase;
			buildActionMask = 2147483647;
			files = (
				1EA4FCFD200E348D00384390 /* AppDelegate.swift in Sources */,
				1EA4FD0A200E368800384390 /* MoviesRequest.swift in Sources */,
				A0FF08A020102AA8007C6C7D /* GenreTableViewCell.swift in Sources */,
				1E1AD6A7200E7B9100CCE679 /* GenreRequest.swift in Sources */,
				1E1AD6C0200EA03C00CCE679 /* UICollectionViewCell+Extension.swift in Sources */,
				1EA4FD0C200E36E400384390 /* Movie.swift in Sources */,
				A0FF089E20102AA8007C6C7D /* ListMoviesViewController.swift in Sources */,
				1EA4FD06200E35C600384390 /* Error+Extension.swift in Sources */,
				A0FF089F20102AA8007C6C7D /* ListMoviesViewModel.swift in Sources */,
				1EA4FD03200E354D00384390 /* BaseAPI.swift in Sources */,
				1EA4FD08200E35E800384390 /* UITableViewCell+Extension.swift in Sources */,
				1E1AD6A3200E4E8100CCE679 /* MoviesResult.swift in Sources */,
				A0FF08A420102AA8007C6C7D /* MovieCollectionViewCell.swift in Sources */,
				1E1AD6AF200E8C4600CCE679 /* UIViewController+Extension.swift in Sources */,
				A0FF08A320102AA8007C6C7D /* MoviesViewModel.swift in Sources */,
				A0FF08A120102AA8007C6C7D /* GenreTableViewModelCell.swift in Sources */,
				1E1AD6AB200E7CC500CCE679 /* GenreResult.swift in Sources */,
				1E1AD6A9200E7C7500CCE679 /* Genre.swift in Sources */,
				A0FF08A220102AA8007C6C7D /* MoviesViewController.swift in Sources */,
				A0FF08A620102B28007C6C7D /* SharedViewModel.swift in Sources */,
			);
			runOnlyForDeploymentPostprocessing = 0;
		};
		1EAB8204200E314100732318 /* Sources */ = {
			isa = PBXSourcesBuildPhase;
			buildActionMask = 2147483647;
			files = (
				1EAB820D200E314100732318 /* TheMovieTests.swift in Sources */,
			);
			runOnlyForDeploymentPostprocessing = 0;
		};
/* End PBXSourcesBuildPhase section */

/* Begin PBXTargetDependency section */
		1EAB820A200E314100732318 /* PBXTargetDependency */ = {
			isa = PBXTargetDependency;
			target = 1EAB81F3200E314100732318 /* TheMovie */;
			targetProxy = 1EAB8209200E314100732318 /* PBXContainerItemProxy */;
		};
/* End PBXTargetDependency section */

/* Begin XCBuildConfiguration section */
		1EAB820F200E314100732318 /* Debug */ = {
			isa = XCBuildConfiguration;
			buildSettings = {
				ALWAYS_SEARCH_USER_PATHS = NO;
				CLANG_ANALYZER_NONNULL = YES;
				CLANG_ANALYZER_NUMBER_OBJECT_CONVERSION = YES_AGGRESSIVE;
				CLANG_CXX_LANGUAGE_STANDARD = "gnu++14";
				CLANG_CXX_LIBRARY = "libc++";
				CLANG_ENABLE_MODULES = YES;
				CLANG_ENABLE_OBJC_ARC = YES;
				CLANG_WARN_BLOCK_CAPTURE_AUTORELEASING = YES;
				CLANG_WARN_BOOL_CONVERSION = YES;
				CLANG_WARN_COMMA = YES;
				CLANG_WARN_CONSTANT_CONVERSION = YES;
				CLANG_WARN_DIRECT_OBJC_ISA_USAGE = YES_ERROR;
				CLANG_WARN_DOCUMENTATION_COMMENTS = YES;
				CLANG_WARN_EMPTY_BODY = YES;
				CLANG_WARN_ENUM_CONVERSION = YES;
				CLANG_WARN_INFINITE_RECURSION = YES;
				CLANG_WARN_INT_CONVERSION = YES;
				CLANG_WARN_NON_LITERAL_NULL_CONVERSION = YES;
				CLANG_WARN_OBJC_LITERAL_CONVERSION = YES;
				CLANG_WARN_OBJC_ROOT_CLASS = YES_ERROR;
				CLANG_WARN_RANGE_LOOP_ANALYSIS = YES;
				CLANG_WARN_STRICT_PROTOTYPES = YES;
				CLANG_WARN_SUSPICIOUS_MOVE = YES;
				CLANG_WARN_UNGUARDED_AVAILABILITY = YES_AGGRESSIVE;
				CLANG_WARN_UNREACHABLE_CODE = YES;
				CLANG_WARN__DUPLICATE_METHOD_MATCH = YES;
				CODE_SIGN_IDENTITY = "iPhone Developer";
				COPY_PHASE_STRIP = NO;
				DEBUG_INFORMATION_FORMAT = dwarf;
				ENABLE_STRICT_OBJC_MSGSEND = YES;
				ENABLE_TESTABILITY = YES;
				GCC_C_LANGUAGE_STANDARD = gnu11;
				GCC_DYNAMIC_NO_PIC = NO;
				GCC_NO_COMMON_BLOCKS = YES;
				GCC_OPTIMIZATION_LEVEL = 0;
				GCC_PREPROCESSOR_DEFINITIONS = (
					"DEBUG=1",
					"$(inherited)",
				);
				GCC_WARN_64_TO_32_BIT_CONVERSION = YES;
				GCC_WARN_ABOUT_RETURN_TYPE = YES_ERROR;
				GCC_WARN_UNDECLARED_SELECTOR = YES;
				GCC_WARN_UNINITIALIZED_AUTOS = YES_AGGRESSIVE;
				GCC_WARN_UNUSED_FUNCTION = YES;
				GCC_WARN_UNUSED_VARIABLE = YES;
				IPHONEOS_DEPLOYMENT_TARGET = 11.2;
				MTL_ENABLE_DEBUG_INFO = YES;
				ONLY_ACTIVE_ARCH = YES;
				SDKROOT = iphoneos;
				SWIFT_ACTIVE_COMPILATION_CONDITIONS = DEBUG;
				SWIFT_OPTIMIZATION_LEVEL = "-Onone";
			};
			name = Debug;
		};
		1EAB8210200E314100732318 /* Release */ = {
			isa = XCBuildConfiguration;
			buildSettings = {
				ALWAYS_SEARCH_USER_PATHS = NO;
				CLANG_ANALYZER_NONNULL = YES;
				CLANG_ANALYZER_NUMBER_OBJECT_CONVERSION = YES_AGGRESSIVE;
				CLANG_CXX_LANGUAGE_STANDARD = "gnu++14";
				CLANG_CXX_LIBRARY = "libc++";
				CLANG_ENABLE_MODULES = YES;
				CLANG_ENABLE_OBJC_ARC = YES;
				CLANG_WARN_BLOCK_CAPTURE_AUTORELEASING = YES;
				CLANG_WARN_BOOL_CONVERSION = YES;
				CLANG_WARN_COMMA = YES;
				CLANG_WARN_CONSTANT_CONVERSION = YES;
				CLANG_WARN_DIRECT_OBJC_ISA_USAGE = YES_ERROR;
				CLANG_WARN_DOCUMENTATION_COMMENTS = YES;
				CLANG_WARN_EMPTY_BODY = YES;
				CLANG_WARN_ENUM_CONVERSION = YES;
				CLANG_WARN_INFINITE_RECURSION = YES;
				CLANG_WARN_INT_CONVERSION = YES;
				CLANG_WARN_NON_LITERAL_NULL_CONVERSION = YES;
				CLANG_WARN_OBJC_LITERAL_CONVERSION = YES;
				CLANG_WARN_OBJC_ROOT_CLASS = YES_ERROR;
				CLANG_WARN_RANGE_LOOP_ANALYSIS = YES;
				CLANG_WARN_STRICT_PROTOTYPES = YES;
				CLANG_WARN_SUSPICIOUS_MOVE = YES;
				CLANG_WARN_UNGUARDED_AVAILABILITY = YES_AGGRESSIVE;
				CLANG_WARN_UNREACHABLE_CODE = YES;
				CLANG_WARN__DUPLICATE_METHOD_MATCH = YES;
				CODE_SIGN_IDENTITY = "iPhone Developer";
				COPY_PHASE_STRIP = NO;
				DEBUG_INFORMATION_FORMAT = "dwarf-with-dsym";
				ENABLE_NS_ASSERTIONS = NO;
				ENABLE_STRICT_OBJC_MSGSEND = YES;
				GCC_C_LANGUAGE_STANDARD = gnu11;
				GCC_NO_COMMON_BLOCKS = YES;
				GCC_WARN_64_TO_32_BIT_CONVERSION = YES;
				GCC_WARN_ABOUT_RETURN_TYPE = YES_ERROR;
				GCC_WARN_UNDECLARED_SELECTOR = YES;
				GCC_WARN_UNINITIALIZED_AUTOS = YES_AGGRESSIVE;
				GCC_WARN_UNUSED_FUNCTION = YES;
				GCC_WARN_UNUSED_VARIABLE = YES;
				IPHONEOS_DEPLOYMENT_TARGET = 11.2;
				MTL_ENABLE_DEBUG_INFO = NO;
				SDKROOT = iphoneos;
				SWIFT_OPTIMIZATION_LEVEL = "-Owholemodule";
				VALIDATE_PRODUCT = YES;
			};
			name = Release;
		};
		1EAB8212200E314100732318 /* Debug */ = {
			isa = XCBuildConfiguration;
			baseConfigurationReference = 7468BB8E0C064A8627C1A0BB /* Pods-TheMovie.debug.xcconfig */;
			buildSettings = {
				ASSETCATALOG_COMPILER_APPICON_NAME = AppIcon;
				CODE_SIGN_STYLE = Automatic;
				INFOPLIST_FILE = TheMovie/Info.plist;
				IPHONEOS_DEPLOYMENT_TARGET = 11.1;
				LD_RUNPATH_SEARCH_PATHS = "$(inherited) @executable_path/Frameworks";
				PRODUCT_BUNDLE_IDENTIFIER = com.vm.TheMovie;
				PRODUCT_NAME = "$(TARGET_NAME)";
				SWIFT_VERSION = 4.0;
				TARGETED_DEVICE_FAMILY = "1,2";
			};
			name = Debug;
		};
		1EAB8213200E314100732318 /* Release */ = {
			isa = XCBuildConfiguration;
			baseConfigurationReference = 6AA237D7BEF1249C4E06DD36 /* Pods-TheMovie.release.xcconfig */;
			buildSettings = {
				ASSETCATALOG_COMPILER_APPICON_NAME = AppIcon;
				CODE_SIGN_STYLE = Automatic;
				INFOPLIST_FILE = TheMovie/Info.plist;
				IPHONEOS_DEPLOYMENT_TARGET = 11.1;
				LD_RUNPATH_SEARCH_PATHS = "$(inherited) @executable_path/Frameworks";
				PRODUCT_BUNDLE_IDENTIFIER = com.vm.TheMovie;
				PRODUCT_NAME = "$(TARGET_NAME)";
				SWIFT_VERSION = 4.0;
				TARGETED_DEVICE_FAMILY = "1,2";
			};
			name = Release;
		};
		1EAB8215200E314100732318 /* Debug */ = {
			isa = XCBuildConfiguration;
			baseConfigurationReference = FE2DA1A0423B63CF4E789686 /* Pods-TheMovieTests.debug.xcconfig */;
			buildSettings = {
				ALWAYS_EMBED_SWIFT_STANDARD_LIBRARIES = YES;
				BUNDLE_LOADER = "$(TEST_HOST)";
				CODE_SIGN_STYLE = Automatic;
				INFOPLIST_FILE = TheMovieTests/Info.plist;
				LD_RUNPATH_SEARCH_PATHS = "$(inherited) @executable_path/Frameworks @loader_path/Frameworks";
				PRODUCT_BUNDLE_IDENTIFIER = com.vm.TheMovieTests;
				PRODUCT_NAME = "$(TARGET_NAME)";
				SWIFT_VERSION = 4.0;
				TARGETED_DEVICE_FAMILY = "1,2";
				TEST_HOST = "$(BUILT_PRODUCTS_DIR)/TheMovie.app/TheMovie";
			};
			name = Debug;
		};
		1EAB8216200E314100732318 /* Release */ = {
			isa = XCBuildConfiguration;
			baseConfigurationReference = CCBD6260E2C70DDDB83B2DF8 /* Pods-TheMovieTests.release.xcconfig */;
			buildSettings = {
				ALWAYS_EMBED_SWIFT_STANDARD_LIBRARIES = YES;
				BUNDLE_LOADER = "$(TEST_HOST)";
				CODE_SIGN_STYLE = Automatic;
				INFOPLIST_FILE = TheMovieTests/Info.plist;
				LD_RUNPATH_SEARCH_PATHS = "$(inherited) @executable_path/Frameworks @loader_path/Frameworks";
				PRODUCT_BUNDLE_IDENTIFIER = com.vm.TheMovieTests;
				PRODUCT_NAME = "$(TARGET_NAME)";
				SWIFT_VERSION = 4.0;
				TARGETED_DEVICE_FAMILY = "1,2";
				TEST_HOST = "$(BUILT_PRODUCTS_DIR)/TheMovie.app/TheMovie";
			};
			name = Release;
		};
/* End XCBuildConfiguration section */

/* Begin XCConfigurationList section */
		1EAB81EF200E314100732318 /* Build configuration list for PBXProject "TheMovie" */ = {
			isa = XCConfigurationList;
			buildConfigurations = (
				1EAB820F200E314100732318 /* Debug */,
				1EAB8210200E314100732318 /* Release */,
			);
			defaultConfigurationIsVisible = 0;
			defaultConfigurationName = Release;
		};
		1EAB8211200E314100732318 /* Build configuration list for PBXNativeTarget "TheMovie" */ = {
			isa = XCConfigurationList;
			buildConfigurations = (
				1EAB8212200E314100732318 /* Debug */,
				1EAB8213200E314100732318 /* Release */,
			);
			defaultConfigurationIsVisible = 0;
			defaultConfigurationName = Release;
		};
		1EAB8214200E314100732318 /* Build configuration list for PBXNativeTarget "TheMovieTests" */ = {
			isa = XCConfigurationList;
			buildConfigurations = (
				1EAB8215200E314100732318 /* Debug */,
				1EAB8216200E314100732318 /* Release */,
			);
			defaultConfigurationIsVisible = 0;
			defaultConfigurationName = Release;
		};
/* End XCConfigurationList section */
	};
	rootObject = 1EAB81EC200E314100732318 /* Project object */;
}
